{
    "name": "amazon-scraper",
    "version": "1.0.0",
    "lockfileVersion": 2,
    "requires": true,
    "packages": {
        "": {
            "name": "amazon-scraper",
            "version": "1.0.0",
            "license": "Apache-2.0",
            "dependencies": {
                "wrangler": "^0.0.4"
            }
        },
        "node_modules/wrangler": {
            "version": "0.0.4",
            "resolved": "https://registry.npmjs.org/wrangler/-/wrangler-0.0.4.tgz",
            "integrity": "sha512-X+5yKzNh2v/6qBLXGxqTvbUOtIGccwpabpK1MAUj2QVy2n1/0rPVRQCEZ9K5ENcWkEpnjdAQYfJt6Akg6Nwnow==",
            "deprecated": "Were you looking for @cloudflare/wrangler?",
            "engines": {
                "node": "*"
            }
        }
    },
    "dependencies": {
        "wrangler": {
            "version": "0.0.4",
            "resolved": "https://registry.npmjs.org/wrangler/-/wrangler-0.0.4.tgz",
            "integrity": "sha512-X+5yKzNh2v/6qBLXGxqTvbUOtIGccwpabpK1MAUj2QVy2n1/0rPVRQCEZ9K5ENcWkEpnjdAQYfJt6Akg6Nwnow=="
        }
    }
}
