# THIS IS AN AUTOGENERATED FILE. DO NOT EDIT THIS FILE DIRECTLY.
# yarn lockfile v1


"@bret/truthy@^1.0.1":
  "integrity" "sha1-Jqtzw+Mn2qk8VDu7ZRfC3ruG0Bc="
  "resolved" "https://registry.npmjs.org/@bret/truthy/-/truthy-1.0.1.tgz"
  "version" "1.0.1"
  dependencies:
    "existy" "^1.0.0"

"@textlint/ast-node-types@^4.4.2":
  "integrity" "sha512-qi2jjgO6Tn3KNPGnm6B7p6QTEPvY95NFsIAaJuwbulur8iJUEenp1OnoUfiDaC/g2WPPEFkcfXpmnu8XEMFo2A=="
  "resolved" "https://registry.npmjs.org/@textlint/ast-node-types/-/ast-node-types-4.4.3.tgz"
  "version" "4.4.3"

"add-zero@^1.0.0":
  "integrity" "sha1-iOIhaWcX9m20Z2cvP5qgBN6fGiw="
  "resolved" "https://registry.npmjs.org/add-zero/-/add-zero-1.0.0.tgz"
  "version" "1.0.0"

"boundary@^1.0.1":
  "integrity" "sha1-TWfcJgLAzBbdm85+v4fpSCkPWBI="
  "resolved" "https://registry.npmjs.org/boundary/-/boundary-1.0.1.tgz"
  "version" "1.0.1"

"buffer-from@^1.0.0":
  "integrity" "sha512-E+XQCRwSbaaiChtv6k6Dwgc+bx+Bs6vuKJHHl5kox/BaKbhiXzqQOwK4cO22yElGp2OCmjwVhT3HmxgyPGnJfQ=="
  "resolved" "https://registry.npmjs.org/buffer-from/-/buffer-from-1.1.2.tgz"
  "version" "1.1.2"

"clean-deep@^3.0.2":
  "integrity" "sha512-Lo78NV5ItJL/jl+B5w0BycAisaieJGXK1qYi/9m4SjR8zbqmrUtO7Yhro40wEShGmmxs/aJLI/A+jNhdkXK8mw=="
  "resolved" "https://registry.npmjs.org/clean-deep/-/clean-deep-3.4.0.tgz"
  "version" "3.4.0"
  dependencies:
    "lodash.isempty" "^4.4.0"
    "lodash.isplainobject" "^4.0.6"
    "lodash.transform" "^4.6.0"

"commander@0.6.1":
  "integrity" "sha1-+mihT2qUXVTbvlDYzbMyDp47GgY="
  "resolved" "https://registry.npmjs.org/commander/-/commander-0.6.1.tgz"
  "version" "0.6.1"

"commander@2.3.0":
  "integrity" "sha1-/UMOiJgy7DU7ms0d4hfBHLPu+HM="
  "resolved" "https://registry.npmjs.org/commander/-/commander-2.3.0.tgz"
  "version" "2.3.0"

"concat-stream@^2.0.0":
  "integrity" "sha512-MWufYdFw53ccGjCA+Ol7XJYpAlW6/prSMzuPOTRnJGcGzuhLn4Scrz7qf6o8bROZ514ltazcIFJZevcfbo0x7A=="
  "resolved" "https://registry.npmjs.org/concat-stream/-/concat-stream-2.0.0.tgz"
  "version" "2.0.0"
  dependencies:
    "buffer-from" "^1.0.0"
    "inherits" "^2.0.3"
    "readable-stream" "^3.0.2"
    "typedarray" "^0.0.6"

"debug@2.2.0":
  "integrity" "sha1-+HBX6ZWxofauaklgZkE3vFbwOdo="
  "resolved" "https://registry.npmjs.org/debug/-/debug-2.2.0.tgz"
  "version" "2.2.0"
  dependencies:
    "ms" "0.7.1"

"diff@1.4.0":
  "integrity" "sha1-fyjS657nsVqX79ic5j3P2qPMur8="
  "resolved" "https://registry.npmjs.org/diff/-/diff-1.4.0.tgz"
  "version" "1.4.0"

"escape-string-regexp@1.0.2":
  "integrity" "sha1-Tbwv5nTnGUnK8/smlc5/LcHZqNE="
  "resolved" "https://registry.npmjs.org/escape-string-regexp/-/escape-string-regexp-1.0.2.tgz"
  "version" "1.0.2"

"existy@^1.0.0", "existy@^1.0.1":
  "integrity" "sha1-Ma4qED5ljAAa7WjwnPNGjcxtgeU="
  "resolved" "https://registry.npmjs.org/existy/-/existy-1.0.1.tgz"
  "version" "1.0.1"

"glob@3.2.11":
  "integrity" "sha1-Spc/Y1uRkPcV0QmH1cAP0oFevj0="
  "resolved" "https://registry.npmjs.org/glob/-/glob-3.2.11.tgz"
  "version" "3.2.11"
  dependencies:
    "inherits" "2"
    "minimatch" "0.3"

"growl@1.9.2":
  "integrity" "sha1-Dqd0NxXbjY3ixe3hd14bRayFwC8="
  "resolved" "https://registry.npmjs.org/growl/-/growl-1.9.2.tgz"
  "version" "1.9.2"

"html-tablify@^2.0.3":
  "integrity" "sha512-Z0zXwakWsDIO5bSpi7IzyFbcVpZza1NC49C8dToS3Glc3UTok+S9T+S/tNoXGuk9vg7PMwbjY2XMF3RAOwSQTg=="
  "resolved" "https://registry.npmjs.org/html-tablify/-/html-tablify-2.0.3.tgz"
  "version" "2.0.3"
  dependencies:
    "mocha" "^2.5.3"

"inherits@^2.0.3", "inherits@2":
  "integrity" "sha512-k/vGaX4/Yla3WzyMCvTQOXYeIHvqOKtnqBduzTHpzpQZzAskKMhZ2K+EnBiSM9zGSoIFeMpXKxa4dYeZIQqewQ=="
  "resolved" "https://registry.npmjs.org/inherits/-/inherits-2.0.4.tgz"
  "version" "2.0.4"

"jade@0.26.3":
  "integrity" "sha1-jxDXl32NefL2/4YqgbBRPMslaGw="
  "resolved" "https://registry.npmjs.org/jade/-/jade-0.26.3.tgz"
  "version" "0.26.3"
  dependencies:
    "commander" "0.6.1"
    "mkdirp" "0.3.0"

"jsonfeed-to-rss@^3.0.5":
  "integrity" "sha512-kKD+q0As1BD6jsr0I6o5m/CcXHyQ3LLU0ON4bsXAy4anLT5ErEh/Vxkc8zj4nkiO2LcUa6Yg+WLB/Y5a1bkyjQ=="
  "resolved" "https://registry.npmjs.org/jsonfeed-to-rss/-/jsonfeed-to-rss-3.0.5.tgz"
  "version" "3.0.5"
  dependencies:
    "@bret/truthy" "^1.0.1"
    "add-zero" "^1.0.0"
    "clean-deep" "^3.0.2"
    "existy" "^1.0.1"
    "lodash.get" "^4.4.2"
    "lodash.merge" "^4.6.1"
    "podcast-categories" "^2.0.0"
    "sentence-splitter" "^3.0.8"
    "striptags" "^3.2.0"
    "trim-left" "^1.0.1"
    "trim-right" "^1.0.1"
    "xmlbuilder" "^15.1.1"

"jstoxml@^3.2.0":
  "integrity" "sha512-8UV4fYuOnoBlBPqJ7cLd8Lfx/xFWbHLmzWmWwccLEWgIPDiIvDXTuOsWKC36jM2WOxqQ/+j9BjgZBLCme1vMEg=="
  "resolved" "https://registry.npmjs.org/jstoxml/-/jstoxml-3.2.0.tgz"
  "version" "3.2.0"

"lodash.get@^4.4.2":
  "integrity" "sha1-LRd/ZS+jHpObRDjVNBSZ36OCXpk="
  "resolved" "https://registry.npmjs.org/lodash.get/-/lodash.get-4.4.2.tgz"
  "version" "4.4.2"

"lodash.isempty@^4.4.0":
  "integrity" "sha1-b4bL7di+TsmHvpqvM8loTbGzHn4="
  "resolved" "https://registry.npmjs.org/lodash.isempty/-/lodash.isempty-4.4.0.tgz"
  "version" "4.4.0"

"lodash.isplainobject@^4.0.6":
  "integrity" "sha1-fFJqUtibRcRcxpC4gWO+BJf1UMs="
  "resolved" "https://registry.npmjs.org/lodash.isplainobject/-/lodash.isplainobject-4.0.6.tgz"
  "version" "4.0.6"

"lodash.merge@^4.6.1":
  "integrity" "sha512-0KpjqXRVvrYyCsX1swR/XTK0va6VQkQM6MNo7PqW77ByjAhoARA8EfrP1N4+KlKj8YS0ZUCtRT/YUuhyYDujIQ=="
  "resolved" "https://registry.npmjs.org/lodash.merge/-/lodash.merge-4.6.2.tgz"
  "version" "4.6.2"

"lodash.transform@^4.6.0":
  "integrity" "sha1-EjBkIvYzJK7YSD0/ODMrX2cFR6A="
  "resolved" "https://registry.npmjs.org/lodash.transform/-/lodash.transform-4.6.0.tgz"
  "version" "4.6.0"

"lru-cache@2":
  "integrity" "sha1-bUUk6LlV+V1PW1iFHOId1y+06VI="
  "resolved" "https://registry.npmjs.org/lru-cache/-/lru-cache-2.7.3.tgz"
  "version" "2.7.3"

"minimatch@0.3":
  "integrity" "sha1-J12O2qxPG7MyZHIInnlJyDlGmd0="
  "resolved" "https://registry.npmjs.org/minimatch/-/minimatch-0.3.0.tgz"
  "version" "0.3.0"
  dependencies:
    "lru-cache" "2"
    "sigmund" "~1.0.0"

"minimist@0.0.8":
  "integrity" "sha1-hX/Kv8M5fSYluCKCYuhqp6ARsF0="
  "resolved" "https://registry.npmjs.org/minimist/-/minimist-0.0.8.tgz"
  "version" "0.0.8"

"mkdirp@0.3.0":
  "integrity" "sha1-G79asbqCevI1dRQ0kEJkVfSB/h4="
  "resolved" "https://registry.npmjs.org/mkdirp/-/mkdirp-0.3.0.tgz"
  "version" "0.3.0"

"mkdirp@0.5.1":
  "integrity" "sha1-MAV0OOrGz3+MR2fzhkjWaX11yQM="
  "resolved" "https://registry.npmjs.org/mkdirp/-/mkdirp-0.5.1.tgz"
  "version" "0.5.1"
  dependencies:
    "minimist" "0.0.8"

"mocha@^2.5.3":
  "integrity" "sha1-FhvlvetJZ3HrmzV0UFC2IrWu/Fg="
  "resolved" "https://registry.npmjs.org/mocha/-/mocha-2.5.3.tgz"
  "version" "2.5.3"
  dependencies:
    "commander" "2.3.0"
    "debug" "2.2.0"
    "diff" "1.4.0"
    "escape-string-regexp" "1.0.2"
    "glob" "3.2.11"
    "growl" "1.9.2"
    "jade" "0.26.3"
    "mkdirp" "0.5.1"
    "supports-color" "1.2.0"
    "to-iso-string" "0.0.2"

"ms@0.7.1":
  "integrity" "sha1-nNE8A62/8ltl7/3nzoZO6VIBcJg="
  "resolved" "https://registry.npmjs.org/ms/-/ms-0.7.1.tgz"
  "version" "0.7.1"

"object_values@^0.1.2":
  "integrity" "sha512-tZgUiKLraVH+4OAedBYrr4/K6KmAQw2RPNd1AuNdhLsuz5WP3VB7WuiKBWbOcjeqqAjus2ChIIWC8dSfmg7ReA=="
  "resolved" "https://registry.npmjs.org/object_values/-/object_values-0.1.2.tgz"
  "version" "0.1.2"

"podcast-categories@^2.0.0":
  "integrity" "sha512-WcntiTmj4ERPwaevHeR59Lc6yk37YVwksflBaCu7/J2ChjPA02J703rZMVq4gnoa+XHFHqpjK+qSc8Fv6N62EA=="
  "resolved" "https://registry.npmjs.org/podcast-categories/-/podcast-categories-2.0.0.tgz"
  "version" "2.0.0"

"readable-stream@^3.0.2":
  "integrity" "sha512-BViHy7LKeTz4oNnkcLJ+lVSL6vpiFeX6/d3oSH8zCW7UxP2onchk+vTGB143xuFjHS3deTgkKoXXymXqymiIdA=="
  "resolved" "https://registry.npmjs.org/readable-stream/-/readable-stream-3.6.0.tgz"
  "version" "3.6.0"
  dependencies:
    "inherits" "^2.0.3"
    "string_decoder" "^1.1.1"
    "util-deprecate" "^1.0.1"

"safe-buffer@~5.2.0":
  "integrity" "sha512-rp3So07KcdmmKbGvgaNxQSJr7bGVSVk5S9Eq1F+ppbRo70+YeaDxkw5Dd8NPN+GD6bjnYm2VuPuCXmpuYvmCXQ=="
  "resolved" "https://registry.npmjs.org/safe-buffer/-/safe-buffer-5.2.1.tgz"
  "version" "5.2.1"

"sentence-splitter@^3.0.8":
  "integrity" "sha512-hMvaodgK9Fay928uiQoTMEWjXpCERdKD2uKo7BbSyP+uWTo+wHiRjN+ZShyI99rW0VuoV4Cuw8FUmaRcnpN7Ug=="
  "resolved" "https://registry.npmjs.org/sentence-splitter/-/sentence-splitter-3.2.2.tgz"
  "version" "3.2.2"
  dependencies:
    "@textlint/ast-node-types" "^4.4.2"
    "concat-stream" "^2.0.0"
    "object_values" "^0.1.2"
    "structured-source" "^3.0.2"

"sigmund@~1.0.0":
  "integrity" "sha1-P/IfGYytIXX587eBhT/ZTQ0ZtZA="
  "resolved" "https://registry.npmjs.org/sigmund/-/sigmund-1.0.1.tgz"
  "version" "1.0.1"

"string_decoder@^1.1.1":
  "integrity" "sha512-hkRX8U1WjJFd8LsDJ2yQ/wWWxaopEsABU1XfkM8A+j0+85JAGppt16cr1Whg6KIbb4okU6Mql6BOj+uup/wKeA=="
  "resolved" "https://registry.npmjs.org/string_decoder/-/string_decoder-1.3.0.tgz"
  "version" "1.3.0"
  dependencies:
    "safe-buffer" "~5.2.0"

"striptags@^3.2.0":
  "integrity" "sha512-g45ZOGzHDMe2bdYMdIvdAfCQkCTDMGBazSw1ypMowwGIee7ZQ5dU0rBJ8Jqgl+jAKIv4dbeE1jscZq9wid1Tkw=="
  "resolved" "https://registry.npmjs.org/striptags/-/striptags-3.2.0.tgz"
  "version" "3.2.0"

"structured-source@^3.0.2":
  "integrity" "sha1-3YAkJeD1PcSm56yjdSkBoczaevU="
  "resolved" "https://registry.npmjs.org/structured-source/-/structured-source-3.0.2.tgz"
  "version" "3.0.2"
  dependencies:
    "boundary" "^1.0.1"

"supports-color@1.2.0":
  "integrity" "sha1-/x7R5hFp0Gs88tWI4YixjYhH4X4="
  "resolved" "https://registry.npmjs.org/supports-color/-/supports-color-1.2.0.tgz"
  "version" "1.2.0"

"to-iso-string@0.0.2":
  "integrity" "sha1-TcGeZk38y+Jb2NtQiwDG2hWCVdE="
  "resolved" "https://registry.npmjs.org/to-iso-string/-/to-iso-string-0.0.2.tgz"
  "version" "0.0.2"

"trim-left@^1.0.1":
  "integrity" "sha1-6uMZp6yiiGYXoF6irHLjc1izQl0="
  "resolved" "https://registry.npmjs.org/trim-left/-/trim-left-1.0.1.tgz"
  "version" "1.0.1"

"trim-right@^1.0.1":
  "integrity" "sha1-yy4SAwZ+DI3h9hQJS5/kVwTqYAM="
  "resolved" "https://registry.npmjs.org/trim-right/-/trim-right-1.0.1.tgz"
  "version" "1.0.1"

"typedarray@^0.0.6":
  "integrity" "sha1-hnrHTjhkGHsdPUfZlqeOxciDB3c="
  "resolved" "https://registry.npmjs.org/typedarray/-/typedarray-0.0.6.tgz"
  "version" "0.0.6"

"util-deprecate@^1.0.1":
  "integrity" "sha1-RQ1Nyfpw3nMnYvvS1KKJgUGaDM8="
  "resolved" "https://registry.npmjs.org/util-deprecate/-/util-deprecate-1.0.2.tgz"
  "version" "1.0.2"

"wrangler@^0.0.4":
  "integrity" "sha512-X+5yKzNh2v/6qBLXGxqTvbUOtIGccwpabpK1MAUj2QVy2n1/0rPVRQCEZ9K5ENcWkEpnjdAQYfJt6Akg6Nwnow=="
  "resolved" "https://registry.npmjs.org/wrangler/-/wrangler-0.0.4.tgz"
  "version" "0.0.4"

"xmlbuilder@^15.1.1":
  "integrity" "sha512-yMqGBqtXyeN1e3TGYvgNgDVZ3j84W4cwkOXQswghol6APgZWaff9lnbvN7MHYJOiXsvGPXtjTYJEiC9J2wv9Eg=="
  "resolved" "https://registry.npmjs.org/xmlbuilder/-/xmlbuilder-15.1.1.tgz"
  "version" "15.1.1"
